// !$*UTF8*$!
{
	archiveVersion = 1;
	classes = {
	};
	objectVersion = 50;
	objects = {

/* Begin PBXBuildFile section */
		041503FB24CDFB5F00FF1FAA /* AppDelegate.swift in Sources */ = {isa = PBXBuildFile; fileRef = 041503FA24CDFB5F00FF1FAA /* AppDelegate.swift */; };
		0415040024CDFB5F00FF1FAA /* NumberGame.xcdatamodeld in Sources */ = {isa = PBXBuildFile; fileRef = 041503FE24CDFB5F00FF1FAA /* NumberGame.xcdatamodeld */; };
		0415040424CDFB6300FF1FAA /* Assets.xcassets in Resources */ = {isa = PBXBuildFile; fileRef = 0415040324CDFB6300FF1FAA /* Assets.xcassets */; };
		0415040A24CDFB6300FF1FAA /* LaunchScreen.storyboard in Resources */ = {isa = PBXBuildFile; fileRef = 0415040824CDFB6300FF1FAA /* LaunchScreen.storyboard */; };
		0415041224CDFF1D00FF1FAA /* GameController.swift in Sources */ = {isa = PBXBuildFile; fileRef = 0415041124CDFF1D00FF1FAA /* GameController.swift */; };
/* End PBXBuildFile section */

/* Begin PBXFileReference section */
		041503F724CDFB5F00FF1FAA /* NumberGame.app */ = {isa = PBXFileReference; explicitFileType = wrapper.application; includeInIndex = 0; path = NumberGame.app; sourceTree = BUILT_PRODUCTS_DIR; };
		041503FA24CDFB5F00FF1FAA /* AppDelegate.swift */ = {isa = PBXFileReference; lastKnownFileType = sourcecode.swift; path = AppDelegate.swift; sourceTree = "<group>"; };
		041503FF24CDFB5F00FF1FAA /* NumberGame.xcdatamodel */ = {isa = PBXFileReference; lastKnownFileType = wrapper.xcdatamodel; path = NumberGame.xcdatamodel; sourceTree = "<group>"; };
		0415040324CDFB6300FF1FAA /* Assets.xcassets */ = {isa = PBXFileReference; lastKnownFileType = folder.assetcatalog; path = Assets.xcassets; sourceTree = "<group>"; };
		0415040924CDFB6300FF1FAA /* Base */ = {isa = PBXFileReference; lastKnownFileType = file.storyboard; name = Base; path = Base.lproj/LaunchScreen.storyboard; sourceTree = "<group>"; };
		0415040B24CDFB6300FF1FAA /* Info.plist */ = {isa = PBXFileReference; lastKnownFileType = text.plist.xml; path = Info.plist; sourceTree = "<group>"; };
		0415041124CDFF1D00FF1FAA /* GameController.swift */ = {isa = PBXFileReference; lastKnownFileType = sourcecode.swift; path = GameController.swift; sourceTree = "<group>"; };
/* End PBXFileReference section */

/* Begin PBXFrameworksBuildPhase section */
		041503F424CDFB5F00FF1FAA /* Frameworks */ = {
			isa = PBXFrameworksBuildPhase;
			buildActionMask = 2147483647;
			files = (
			);
			runOnlyForDeploymentPostprocessing = 0;
		};
/* End PBXFrameworksBuildPhase section */

/* Begin PBXGroup section */
		041503EE24CDFB5F00FF1FAA = {
			isa = PBXGroup;
			children = (
				041503F924CDFB5F00FF1FAA /* NumberGame */,
				041503F824CDFB5F00FF1FAA /* Products */,
			);
			sourceTree = "<group>";
		};
		041503F824CDFB5F00FF1FAA /* Products */ = {
			isa = PBXGroup;
			children = (
				041503F724CDFB5F00FF1FAA /* NumberGame.app */,
			);
			name = Products;
			sourceTree = "<group>";
		};
		041503F924CDFB5F00FF1FAA /* NumberGame */ = {
			isa = PBXGroup;
			children = (
				041503FA24CDFB5F00FF1FAA /* AppDelegate.swift */,
				0415041124CDFF1D00FF1FAA /* GameController.swift */,
				0415040324CDFB6300FF1FAA /* Assets.xcassets */,
				0415040824CDFB6300FF1FAA /* LaunchScreen.storyboard */,
				0415040B24CDFB6300FF1FAA /* Info.plist */,
				041503FE24CDFB5F00FF1FAA /* NumberGame.xcdatamodeld */,
			);
			path = NumberGame;
			sourceTree = "<group>";
		};
/* End PBXGroup section */

/* Begin PBXNativeTarget section */
		041503F624CDFB5F00FF1FAA /* NumberGame */ = {
			isa = PBXNativeTarget;
			buildConfigurationList = 0415040E24CDFB6300FF1FAA /* Build configuration list for PBXNativeTarget "NumberGame" */;
			buildPhases = (
				041503F324CDFB5F00FF1FAA /* Sources */,
				041503F424CDFB5F00FF1FAA /* Frameworks */,
				041503F524CDFB5F00FF1FAA /* Resources */,
			);
			buildRules = (
			);
			dependencies = (
			);
			name = NumberGame;
			productName = NumberGame;
			productReference = 041503F724CDFB5F00FF1FAA /* NumberGame.app */;
			productType = "com.apple.product-type.application";
		};
/* End PBXNativeTarget section */

/* Begin PBXProject section */
		041503EF24CDFB5F00FF1FAA /* Project object */ = {
			isa = PBXProject;
			attributes = {
				LastSwiftUpdateCheck = 1100;
				LastUpgradeCheck = 1100;
				ORGANIZATIONNAME = "Mustafa Türk";
				TargetAttributes = {
					041503F624CDFB5F00FF1FAA = {
						CreatedOnToolsVersion = 11.0;
					};
				};
			};
			buildConfigurationList = 041503F224CDFB5F00FF1FAA /* Build configuration list for PBXProject "NumberGame" */;
			compatibilityVersion = "Xcode 9.3";
			developmentRegion = en;
			hasScannedForEncodings = 0;
			knownRegions = (
				en,
				Base,
			);
			mainGroup = 041503EE24CDFB5F00FF1FAA;
			productRefGroup = 041503F824CDFB5F00FF1FAA /* Products */;
			projectDirPath = "";
			projectRoot = "";
			targets = (
				041503F624CDFB5F00FF1FAA /* NumberGame */,
			);
		};
/* End PBXProject section */

/* Begin PBXResourcesBuildPhase section */
		041503F524CDFB5F00FF1FAA /* Resources */ = {
			isa = PBXResourcesBuildPhase;
			buildActionMask = 2147483647;
			files = (
				0415040A24CDFB6300FF1FAA /* LaunchScreen.storyboard in Resources */,
				0415040424CDFB6300FF1FAA /* Assets.xcassets in Resources */,
			);
			runOnlyForDeploymentPostprocessing = 0;
		};
/* End PBXResourcesBuildPhase section */

/* Begin PBXSourcesBuildPhase section */
		041503F324CDFB5F00FF1FAA /* Sources */ = {
			isa = PBXSourcesBuildPhase;
			buildActionMask = 2147483647;
			files = (
				041503FB24CDFB5F00FF1FAA /* AppDelegate.swift in Sources */,
				0415041224CDFF1D00FF1FAA /* GameController.swift in Sources */,
				0415040024CDFB5F00FF1FAA /* NumberGame.xcdatamodeld in Sources */,
			);
			runOnlyForDeploymentPostprocessing = 0;
		};
/* End PBXSourcesBuildPhase section */

/* Begin PBXVariantGroup section */
		0415040824CDFB6300FF1FAA /* LaunchScreen.storyboard */ = {
			isa = PBXVariantGroup;
			children = (
				0415040924CDFB6300FF1FAA /* Base */,
			);
			name = LaunchScreen.storyboard;
			sourceTree = "<group>";
		};
/* End PBXVariantGroup section */

/* Begin XCBuildConfiguration section */
		0415040C24CDFB6300FF1FAA /* Debug */ = {
			isa = XCBuildConfiguration;
			buildSettings = {
				ALWAYS_SEARCH_USER_PATHS = NO;
				CLANG_ANALYZER_NONNULL = YES;
				CLANG_ANALYZER_NUMBER_OBJECT_CONVERSION = YES_AGGRESSIVE;
				CLANG_CXX_LANGUAGE_STANDARD = "gnu++14";
				CLANG_CXX_LIBRARY = "libc++";
				CLANG_ENABLE_MODULES = YES;
				CLANG_ENABLE_OBJC_ARC = YES;
				CLANG_ENABLE_OBJC_WEAK = YES;
				CLANG_WARN_BLOCK_CAPTURE_AUTORELEASING = YES;
				CLANG_WARN_BOOL_CONVERSION = YES;
				CLANG_WARN_COMMA = YES;
				CLANG_WARN_CONSTANT_CONVERSION = YES;
				CLANG_WARN_DEPRECATED_OBJC_IMPLEMENTATIONS = YES;
				CLANG_WARN_DIRECT_OBJC_ISA_USAGE = YES_ERROR;
				CLANG_WARN_DOCUMENTATION_COMMENTS = YES;
				CLANG_WARN_EMPTY_BODY = YES;
				CLANG_WARN_ENUM_CONVERSION = YES;
				CLANG_WARN_INFINITE_RECURSION = YES;
				CLANG_WARN_INT_CONVERSION = YES;
				CLANG_WARN_NON_LITERAL_NULL_CONVERSION = YES;
				CLANG_WARN_OBJC_IMPLICIT_RETAIN_SELF = YES;
				CLANG_WARN_OBJC_LITERAL_CONVERSION = YES;
				CLANG_WARN_OBJC_ROOT_CLASS = YES_ERROR;
				CLANG_WARN_RANGE_LOOP_ANALYSIS = YES;
				CLANG_WARN_STRICT_PROTOTYPES = YES;
				CLANG_WARN_SUSPICIOUS_MOVE = YES;
				CLANG_WARN_UNGUARDED_AVAILABILITY = YES_AGGRESSIVE;
				CLANG_WARN_UNREACHABLE_CODE = YES;
				CLANG_WARN__DUPLICATE_METHOD_MATCH = YES;
				COPY_PHASE_STRIP = NO;
				DEBUG_INFORMATION_FORMAT = dwarf;
				ENABLE_STRICT_OBJC_MSGSEND = YES;
				ENABLE_TESTABILITY = YES;
				GCC_C_LANGUAGE_STANDARD = gnu11;
				GCC_DYNAMIC_NO_PIC = NO;
				GCC_NO_COMMON_BLOCKS = YES;
				GCC_OPTIMIZATION_LEVEL = 0;
				GCC_PREPROCESSOR_DEFINITIONS = (
					"DEBUG=1",
					"$(inherited)",
				);
				GCC_WARN_64_TO_32_BIT_CONVERSION = YES;
				GCC_WARN_ABOUT_RETURN_TYPE = YES_ERROR;
				GCC_WARN_UNDECLARED_SELECTOR = YES;
				GCC_WARN_UNINITIALIZED_AUTOS = YES_AGGRESSIVE;
				GCC_WARN_UNUSED_FUNCTION = YES;
				GCC_WARN_UNUSED_VARIABLE = YES;
				IPHONEOS_DEPLOYMENT_TARGET = 13.0;
				MTL_ENABLE_DEBUG_INFO = INCLUDE_SOURCE;
				MTL_FAST_MATH = YES;
				ONLY_ACTIVE_ARCH = YES;
				SDKROOT = iphoneos;
				SWIFT_ACTIVE_COMPILATION_CONDITIONS = DEBUG;
				SWIFT_OPTIMIZATION_LEVEL = "-Onone";
			};
			name = Debug;
		};
		0415040D24CDFB6300FF1FAA /* Release */ = {
			isa = XCBuildConfiguration;
			buildSettings = {
				ALWAYS_SEARCH_USER_PATHS = NO;
				CLANG_ANALYZER_NONNULL = YES;
				CLANG_ANALYZER_NUMBER_OBJECT_CONVERSION = YES_AGGRESSIVE;
				CLANG_CXX_LANGUAGE_STANDARD = "gnu++14";
				CLANG_CXX_LIBRARY = "libc++";
				CLANG_ENABLE_MODULES = YES;
				CLANG_ENABLE_OBJC_ARC = YES;
				CLANG_ENABLE_OBJC_WEAK = YES;
				CLANG_WARN_BLOCK_CAPTURE_AUTORELEASING = YES;
				CLANG_WARN_BOOL_CONVERSION = YES;
				CLANG_WARN_COMMA = YES;
				CLANG_WARN_CONSTANT_CONVERSION = YES;
				CLANG_WARN_DEPRECATED_OBJC_IMPLEMENTATIONS = YES;
				CLANG_WARN_DIRECT_OBJC_ISA_USAGE = YES_ERROR;
				CLANG_WARN_DOCUMENTATION_COMMENTS = YES;
				CLANG_WARN_EMPTY_BODY = YES;
				CLANG_WARN_ENUM_CONVERSION = YES;
				CLANG_WARN_INFINITE_RECURSION = YES;
				CLANG_WARN_INT_CONVERSION = YES;
				CLANG_WARN_NON_LITERAL_NULL_CONVERSION = YES;
				CLANG_WARN_OBJC_IMPLICIT_RETAIN_SELF = YES;
				CLANG_WARN_OBJC_LITERAL_CONVERSION = YES;
				CLANG_WARN_OBJC_ROOT_CLASS = YES_ERROR;
				CLANG_WARN_RANGE_LOOP_ANALYSIS = YES;
				CLANG_WARN_STRICT_PROTOTYPES = YES;
				CLANG_WARN_SUSPICIOUS_MOVE = YES;
				CLANG_WARN_UNGUARDED_AVAILABILITY = YES_AGGRESSIVE;
				CLANG_WARN_UNREACHABLE_CODE = YES;
				CLANG_WARN__DUPLICATE_METHOD_MATCH = YES;
				COPY_PHASE_STRIP = NO;
				DEBUG_INFORMATION_FORMAT = "dwarf-with-dsym";
				ENABLE_NS_ASSERTIONS = NO;
				ENABLE_STRICT_OBJC_MSGSEND = YES;
				GCC_C_LANGUAGE_STANDARD = gnu11;
				GCC_NO_COMMON_BLOCKS = YES;
				GCC_WARN_64_TO_32_BIT_CONVERSION = YES;
				GCC_WARN_ABOUT_RETURN_TYPE = YES_ERROR;
				GCC_WARN_UNDECLARED_SELECTOR = YES;
				GCC_WARN_UNINITIALIZED_AUTOS = YES_AGGRESSIVE;
				GCC_WARN_UNUSED_FUNCTION = YES;
				GCC_WARN_UNUSED_VARIABLE = YES;
				IPHONEOS_DEPLOYMENT_TARGET = 13.0;
				MTL_ENABLE_DEBUG_INFO = NO;
				MTL_FAST_MATH = YES;
				SDKROOT = iphoneos;
				SWIFT_COMPILATION_MODE = wholemodule;
				SWIFT_OPTIMIZATION_LEVEL = "-O";
				VALIDATE_PRODUCT = YES;
			};
			name = Release;
		};
		0415040F24CDFB6300FF1FAA /* Debug */ = {
			isa = XCBuildConfiguration;
			buildSettings = {
				ASSETCATALOG_COMPILER_APPICON_NAME = AppIcon;
				CODE_SIGN_STYLE = Automatic;
				DEVELOPMENT_ASSET_PATHS = "";
				DEVELOPMENT_TEAM = R3RCD74V3M;
				ENABLE_PREVIEWS = YES;
				INFOPLIST_FILE = NumberGame/Info.plist;
				LD_RUNPATH_SEARCH_PATHS = (
					"$(inherited)",
					"@executable_path/Frameworks",
				);
				PRODUCT_BUNDLE_IDENTIFIER = com.turkmustafa.NumberGame;
				PRODUCT_NAME = "$(TARGET_NAME)";
				SWIFT_VERSION = 5.0;
				TARGETED_DEVICE_FAMILY = "1,2";
			};
			name = Debug;
		};
		0415041024CDFB6300FF1FAA /* Release */ = {
			isa = XCBuildConfiguration;
			buildSettings = {
				ASSETCATALOG_COMPILER_APPICON_NAME = AppIcon;
				CODE_SIGN_STYLE = Automatic;
				DEVELOPMENT_ASSET_PATHS = "";
				DEVELOPMENT_TEAM = R3RCD74V3M;
				ENABLE_PREVIEWS = YES;
				INFOPLIST_FILE = NumberGame/Info.plist;
				LD_RUNPATH_SEARCH_PATHS = (
					"$(inherited)",
					"@executable_path/Frameworks",
				);
				PRODUCT_BUNDLE_IDENTIFIER = com.turkmustafa.NumberGame;
				PRODUCT_NAME = "$(TARGET_NAME)";
				SWIFT_VERSION = 5.0;
				TARGETED_DEVICE_FAMILY = "1,2";
			};
			name = Release;
		};
/* End XCBuildConfiguration section */

/* Begin XCConfigurationList section */
		041503F224CDFB5F00FF1FAA /* Build configuration list for PBXProject "NumberGame" */ = {
			isa = XCConfigurationList;
			buildConfigurations = (
				0415040C24CDFB6300FF1FAA /* Debug */,
				0415040D24CDFB6300FF1FAA /* Release */,
			);
			defaultConfigurationIsVisible = 0;
			defaultConfigurationName = Release;
		};
		0415040E24CDFB6300FF1FAA /* Build configuration list for PBXNativeTarget "NumberGame" */ = {
			isa = XCConfigurationList;
			buildConfigurations = (
				0415040F24CDFB6300FF1FAA /* Debug */,
				0415041024CDFB6300FF1FAA /* Release */,
			);
			defaultConfigurationIsVisible = 0;
			defaultConfigurationName = Release;
		};
/* End XCConfigurationList section */

/* Begin XCVersionGroup section */
		041503FE24CDFB5F00FF1FAA /* NumberGame.xcdatamodeld */ = {
			isa = XCVersionGroup;
			children = (
				041503FF24CDFB5F00FF1FAA /* NumberGame.xcdatamodel */,
			);
			currentVersion = 041503FF24CDFB5F00FF1FAA /* NumberGame.xcdatamodel */;
			path = NumberGame.xcdatamodeld;
			sourceTree = "<group>";
			versionGroupType = wrapper.xcdatamodel;
		};
/* End XCVersionGroup section */
	};
	rootObject = 041503EF24CDFB5F00FF1FAA /* Project object */;
}
